
Microsoft Visual Studio Solution File, Format Version 12.00
# Visual Studio 15
VisualStudioVersion = 15.0.28307.136
MinimumVisualStudioVersion = 10.0.40219.1
Project("{FAE04EC0-301F-11D3-BF4B-00C04F79EFBC}") = "Precastcorp.SPListUpdate.Framework.API", "Precastcorp.SPListUpdate.Framework.API\Precastcorp.SPListUpdate.Framework.API.csproj", "{28228A77-2120-4B0A-87F1-F29D63F3E83C}"
EndProject
Project("{FAE04EC0-301F-11D3-BF4B-00C04F79EFBC}") = "PrecastCorp.CalendarSupport.Service", "PrecastCorp.CalendarSupport.Service\PrecastCorp.CalendarSupport.Service.csproj", "{645F2B2F-9131-4782-B4F8-1D4D012DC339}"
EndProject
Project("{FAE04EC0-301F-11D3-BF4B-00C04F79EFBC}") = "PrecastCorp.SPListUpdate.DemoConsole", "PrecastCorp.SPListUpdate.DemoConsole\PrecastCorp.SPListUpdate.DemoConsole.csproj", "{38001F68-4467-4BE4-96AA-B5EBBBF83876}"
EndProject
Global
	GlobalSection(SolutionConfigurationPlatforms) = preSolution
		Debug|Any CPU = Debug|Any CPU
		Release|Any CPU = Release|Any CPU
	EndGlobalSection
	GlobalSection(ProjectConfigurationPlatforms) = postSolution
		{28228A77-2120-4B0A-87F1-F29D63F3E83C}.Debug|Any CPU.ActiveCfg = Debug|Any CPU
		{28228A77-2120-4B0A-87F1-F29D63F3E83C}.Debug|Any CPU.Build.0 = Debug|Any CPU
		{28228A77-2120-4B0A-87F1-F29D63F3E83C}.Release|Any CPU.ActiveCfg = Release|Any CPU
		{28228A77-2120-4B0A-87F1-F29D63F3E83C}.Release|Any CPU.Build.0 = Release|Any CPU
		{645F2B2F-9131-4782-B4F8-1D4D012DC339}.Debug|Any CPU.ActiveCfg = Debug|Any CPU
		{645F2B2F-9131-4782-B4F8-1D4D012DC339}.Debug|Any CPU.Build.0 = Debug|Any CPU
		{645F2B2F-9131-4782-B4F8-1D4D012DC339}.Release|Any CPU.ActiveCfg = Release|Any CPU
		{645F2B2F-9131-4782-B4F8-1D4D012DC339}.Release|Any CPU.Build.0 = Release|Any CPU
		{38001F68-4467-4BE4-96AA-B5EBBBF83876}.Debug|Any CPU.ActiveCfg = Debug|Any CPU
		{38001F68-4467-4BE4-96AA-B5EBBBF83876}.Debug|Any CPU.Build.0 = Debug|Any CPU
		{38001F68-4467-4BE4-96AA-B5EBBBF83876}.Release|Any CPU.ActiveCfg = Release|Any CPU
		{38001F68-4467-4BE4-96AA-B5EBBBF83876}.Release|Any CPU.Build.0 = Release|Any CPU
	EndGlobalSection
	GlobalSection(SolutionProperties) = preSolution
		HideSolutionNode = FALSE
	EndGlobalSection
	GlobalSection(ExtensibilityGlobals) = postSolution
		SolutionGuid = {38BBA153-39C3-4518-955C-29027C9D126C}
	EndGlobalSection
EndGlobal
